
Microsoft Visual Studio Solution File, Format Version 12.00
# Visual Studio Version 16
VisualStudioVersion = 16.0.32510.428
MinimumVisualStudioVersion = 10.0.40219.1
Project("{8BC9CEB8-8B4A-11D0-8D11-00A0C91BC942}") = "HW 1 OOP", "HW 1 OOP.vcxproj", "{E42AE1F5-B1B6-4213-83DB-42B3B95FEFDC}"
EndProject
Global
	GlobalSection(SolutionConfigurationPlatforms) = preSolution
		Debug|x64 = Debug|x64
		Debug|x86 = Debug|x86
		Release|x64 = Release|x64
		Release|x86 = Release|x86
	EndGlobalSection
	GlobalSection(ProjectConfigurationPlatforms) = postSolution
		{E42AE1F5-B1B6-4213-83DB-42B3B95FEFDC}.Debug|x64.ActiveCfg = Debug|x64
		{E42AE1F5-B1B6-4213-83DB-42B3B95FEFDC}.Debug|x64.Build.0 = Debug|x64
		{E42AE1F5-B1B6-4213-83DB-42B3B95FEFDC}.Debug|x86.ActiveCfg = Debug|Win32
		{E42AE1F5-B1B6-4213-83DB-42B3B95FEFDC}.Debug|x86.Build.0 = Debug|Win32
		{E42AE1F5-B1B6-4213-83DB-42B3B95FEFDC}.Release|x64.ActiveCfg = Release|x64
		{E42AE1F5-B1B6-4213-83DB-42B3B95FEFDC}.Release|x64.Build.0 = Release|x64
		{E42AE1F5-B1B6-4213-83DB-42B3B95FEFDC}.Release|x86.ActiveCfg = Release|Win32
		{E42AE1F5-B1B6-4213-83DB-42B3B95FEFDC}.Release|x86.Build.0 = Release|Win32
	EndGlobalSection
	GlobalSection(SolutionProperties) = preSolution
		HideSolutionNode = FALSE
	EndGlobalSection
	GlobalSection(ExtensibilityGlobals) = postSolution
		SolutionGuid = {C08E79A6-76EA-49C3-BB62-50DD8F225120}
	EndGlobalSection
EndGlobal
